
Microsoft Visual Studio Solution File, Format Version 12.00
# Visual Studio Version 17
VisualStudioVersion = 17.8.34525.116
MinimumVisualStudioVersion = 10.0.40219.1
Project("{FAE04EC0-301F-11D3-BF4B-00C04F79EFBC}") = "Group9_FinalProjects", "Group9_FinalProjects\Group9_FinalProjects.csproj", "{2CD55AF3-90E7-4592-A7C2-F3EA9F3F9CF8}"
EndProject
Global
	GlobalSection(SolutionConfigurationPlatforms) = preSolution
		Debug|Any CPU = Debug|Any CPU
		Release|Any CPU = Release|Any CPU
	EndGlobalSection
	GlobalSection(ProjectConfigurationPlatforms) = postSolution
		{2CD55AF3-90E7-4592-A7C2-F3EA9F3F9CF8}.Debug|Any CPU.ActiveCfg = Debug|Any CPU
		{2CD55AF3-90E7-4592-A7C2-F3EA9F3F9CF8}.Debug|Any CPU.Build.0 = Debug|Any CPU
		{2CD55AF3-90E7-4592-A7C2-F3EA9F3F9CF8}.Release|Any CPU.ActiveCfg = Release|Any CPU
		{2CD55AF3-90E7-4592-A7C2-F3EA9F3F9CF8}.Release|Any CPU.Build.0 = Release|Any CPU
	EndGlobalSection
	GlobalSection(SolutionProperties) = preSolution
		HideSolutionNode = FALSE
	EndGlobalSection
	GlobalSection(ExtensibilityGlobals) = postSolution
		SolutionGuid = {841421C2-11AD-4E91-B79E-3A859C7B9590}
	EndGlobalSection
EndGlobal
